
Microsoft Visual Studio Solution File, Format Version 12.00
# Visual Studio Version 16
VisualStudioVersion = 16.0.30503.244
MinimumVisualStudioVersion = 10.0.40219.1
Project("{FAE04EC0-301F-11D3-BF4B-00C04F79EFBC}") = "Populating Next Right Pointers in Each Node II", "Populating Next Right Pointers in Each Node II\Populating Next Right Pointers in Each Node II.csproj", "{DADD408A-0B18-4307-9334-3A45A2CE15E6}"
EndProject
Global
	GlobalSection(SolutionConfigurationPlatforms) = preSolution
		Debug|Any CPU = Debug|Any CPU
		Release|Any CPU = Release|Any CPU
	EndGlobalSection
	GlobalSection(ProjectConfigurationPlatforms) = postSolution
		{DADD408A-0B18-4307-9334-3A45A2CE15E6}.Debug|Any CPU.ActiveCfg = Debug|Any CPU
		{DADD408A-0B18-4307-9334-3A45A2CE15E6}.Debug|Any CPU.Build.0 = Debug|Any CPU
		{DADD408A-0B18-4307-9334-3A45A2CE15E6}.Release|Any CPU.ActiveCfg = Release|Any CPU
		{DADD408A-0B18-4307-9334-3A45A2CE15E6}.Release|Any CPU.Build.0 = Release|Any CPU
	EndGlobalSection
	GlobalSection(SolutionProperties) = preSolution
		HideSolutionNode = FALSE
	EndGlobalSection
	GlobalSection(ExtensibilityGlobals) = postSolution
		SolutionGuid = {8048746C-CE3A-45DA-AAB8-D1D4583A3AFC}
	EndGlobalSection
EndGlobal
